
Microsoft Visual Studio Solution File, Format Version 12.00
# Visual Studio Version 16
VisualStudioVersion = 16.0.31112.23
MinimumVisualStudioVersion = 10.0.40219.1
Project("{FAE04EC0-301F-11D3-BF4B-00C04F79EFBC}") = "Secrets", "Secrets\Secrets.csproj", "{8C33861B-2BC7-4CC5-B273-4FFE044C1078}"
EndProject
Global
	GlobalSection(SolutionConfigurationPlatforms) = preSolution
		Debug|Any CPU = Debug|Any CPU
		Release|Any CPU = Release|Any CPU
	EndGlobalSection
	GlobalSection(ProjectConfigurationPlatforms) = postSolution
		{8C33861B-2BC7-4CC5-B273-4FFE044C1078}.Debug|Any CPU.ActiveCfg = Debug|Any CPU
		{8C33861B-2BC7-4CC5-B273-4FFE044C1078}.Debug|Any CPU.Build.0 = Debug|Any CPU
		{8C33861B-2BC7-4CC5-B273-4FFE044C1078}.Release|Any CPU.ActiveCfg = Release|Any CPU
		{8C33861B-2BC7-4CC5-B273-4FFE044C1078}.Release|Any CPU.Build.0 = Release|Any CPU
	EndGlobalSection
	GlobalSection(SolutionProperties) = preSolution
		HideSolutionNode = FALSE
	EndGlobalSection
	GlobalSection(ExtensibilityGlobals) = postSolution
		SolutionGuid = {38435526-559D-4BA6-9C50-B08EC2C22755}
	EndGlobalSection
EndGlobal
